
Microsoft Visual Studio Solution File, Format Version 12.00
# Visual Studio Version 16
VisualStudioVersion = 16.0.29102.190
MinimumVisualStudioVersion = 10.0.40219.1
Project("{FAE04EC0-301F-11D3-BF4B-00C04F79EFBC}") = "AspNetCore2x", "AspNetCore2x.csproj", "{A5D2BC3C-3FCD-42A5-A150-3D54D851F341}"
EndProject
Global
	GlobalSection(SolutionConfigurationPlatforms) = preSolution
		Debug|Any CPU = Debug|Any CPU
		Release|Any CPU = Release|Any CPU
	EndGlobalSection
	GlobalSection(ProjectConfigurationPlatforms) = postSolution
		{A5D2BC3C-3FCD-42A5-A150-3D54D851F341}.Debug|Any CPU.ActiveCfg = Debug|Any CPU
		{A5D2BC3C-3FCD-42A5-A150-3D54D851F341}.Debug|Any CPU.Build.0 = Debug|Any CPU
		{A5D2BC3C-3FCD-42A5-A150-3D54D851F341}.Release|Any CPU.ActiveCfg = Release|Any CPU
		{A5D2BC3C-3FCD-42A5-A150-3D54D851F341}.Release|Any CPU.Build.0 = Release|Any CPU
	EndGlobalSection
	GlobalSection(SolutionProperties) = preSolution
		HideSolutionNode = FALSE
	EndGlobalSection
	GlobalSection(ExtensibilityGlobals) = postSolution
		SolutionGuid = {5B019435-8029-4F48-98B8-32C06BD02247}
	EndGlobalSection
EndGlobal
